
Microsoft Visual Studio Solution File, Format Version 12.00
# Visual Studio Version 17
VisualStudioVersion = 17.14.36414.22 d17.14
MinimumVisualStudioVersion = 10.0.40219.1
Project("{FAE04EC0-301F-11D3-BF4B-00C04F79EFBC}") = "Aggregated_Lot_Metrics_DataSource", "Aggregated_Lot_Metrics_DataSource\Aggregated_Lot_Metrics_DataSource.csproj", "{C396D3EF-323B-4B95-BDC4-777E01EC3C86}"
EndProject
Project("{2150E333-8FDC-42A3-9474-1A3956D46DE8}") = "Internal", "Internal", "{02EA681E-C7D8-13C7-8484-4AC65E1B71E8}"
EndProject
Project("{2150E333-8FDC-42A3-9474-1A3956D46DE8}") = "Code Analysis", "Code Analysis", "{BD8916CB-B563-4179-9E35-DE7F6F049922}"
	ProjectSection(SolutionItems) = preProject
		Internal\Code Analysis\qaction-debug.ruleset = Internal\Code Analysis\qaction-debug.ruleset
		Internal\Code Analysis\qaction-release.ruleset = Internal\Code Analysis\qaction-release.ruleset
		Internal\Code Analysis\stylecop.json = Internal\Code Analysis\stylecop.json
	EndProjectSection
EndProject
Global
	GlobalSection(SolutionConfigurationPlatforms) = preSolution
		Debug|Any CPU = Debug|Any CPU
		Release|Any CPU = Release|Any CPU
	EndGlobalSection
	GlobalSection(ProjectConfigurationPlatforms) = postSolution
		{C396D3EF-323B-4B95-BDC4-777E01EC3C86}.Debug|Any CPU.ActiveCfg = Debug|Any CPU
		{C396D3EF-323B-4B95-BDC4-777E01EC3C86}.Debug|Any CPU.Build.0 = Debug|Any CPU
		{C396D3EF-323B-4B95-BDC4-777E01EC3C86}.Release|Any CPU.ActiveCfg = Release|Any CPU
		{C396D3EF-323B-4B95-BDC4-777E01EC3C86}.Release|Any CPU.Build.0 = Release|Any CPU
	EndGlobalSection
	GlobalSection(SolutionProperties) = preSolution
		HideSolutionNode = FALSE
	EndGlobalSection
	GlobalSection(NestedProjects) = preSolution
		{BD8916CB-B563-4179-9E35-DE7F6F049922} = {02EA681E-C7D8-13C7-8484-4AC65E1B71E8}
	EndGlobalSection
	GlobalSection(ExtensibilityGlobals) = postSolution
		SolutionGuid = {EB77E4BF-CDA9-4CFC-B865-20E3EADF2B9C}
	EndGlobalSection
EndGlobal
