
Microsoft Visual Studio Solution File, Format Version 12.00
# Visual Studio Version 17
VisualStudioVersion = 17.14.36414.22 d17.14
MinimumVisualStudioVersion = 10.0.40219.1
Project("{FAE04EC0-301F-11D3-BF4B-00C04F79EFBC}") = "SPMTI", "SPMTI.csproj", "{30EBE5BE-91CE-46E1-931D-BA526D65B3A9}"
EndProject
Project("{2150E333-8FDC-42A3-9474-1A3956D46DE8}") = "Internal", "Internal", "{02EA681E-C7D8-13C7-8484-4AC65E1B71E8}"
EndProject
Project("{2150E333-8FDC-42A3-9474-1A3956D46DE8}") = "Code Analysis", "Code Analysis", "{EA8668F9-6268-47DF-A371-7EE81A78FC36}"
	ProjectSection(SolutionItems) = preProject
		Internal\Code Analysis\qaction-debug.ruleset = Internal\Code Analysis\qaction-debug.ruleset
		Internal\Code Analysis\qaction-release.ruleset = Internal\Code Analysis\qaction-release.ruleset
		Internal\Code Analysis\stylecop.json = Internal\Code Analysis\stylecop.json
	EndProjectSection
EndProject
Global
	GlobalSection(SolutionConfigurationPlatforms) = preSolution
		Debug|Any CPU = Debug|Any CPU
		Release|Any CPU = Release|Any CPU
	EndGlobalSection
	GlobalSection(ProjectConfigurationPlatforms) = postSolution
		{30EBE5BE-91CE-46E1-931D-BA526D65B3A9}.Debug|Any CPU.ActiveCfg = Debug|Any CPU
		{30EBE5BE-91CE-46E1-931D-BA526D65B3A9}.Debug|Any CPU.Build.0 = Debug|Any CPU
		{30EBE5BE-91CE-46E1-931D-BA526D65B3A9}.Release|Any CPU.ActiveCfg = Release|Any CPU
		{30EBE5BE-91CE-46E1-931D-BA526D65B3A9}.Release|Any CPU.Build.0 = Release|Any CPU
	EndGlobalSection
	GlobalSection(SolutionProperties) = preSolution
		HideSolutionNode = FALSE
	EndGlobalSection
	GlobalSection(NestedProjects) = preSolution
		{EA8668F9-6268-47DF-A371-7EE81A78FC36} = {02EA681E-C7D8-13C7-8484-4AC65E1B71E8}
	EndGlobalSection
	GlobalSection(ExtensibilityGlobals) = postSolution
		SolutionGuid = {3A4A1095-5AC1-4AD4-8A57-9EA0E2D55EFE}
	EndGlobalSection
EndGlobal
