
Microsoft Visual Studio Solution File, Format Version 12.00
# Visual Studio Version 17
VisualStudioVersion = 17.14.36414.22 d17.14
MinimumVisualStudioVersion = 10.0.40219.1
Project("{FAE04EC0-301F-11D3-BF4B-00C04F79EFBC}") = "RealTimeParkingData", "RealTimeParkingData\RealTimeParkingData.csproj", "{E09B8695-43D5-47E1-A25C-6BE8DEE1087B}"
EndProject
Project("{2150E333-8FDC-42A3-9474-1A3956D46DE8}") = "Internal", "Internal", "{02EA681E-C7D8-13C7-8484-4AC65E1B71E8}"
EndProject
Project("{2150E333-8FDC-42A3-9474-1A3956D46DE8}") = "Code Analysis", "Code Analysis", "{0FDF6728-3E1D-47A7-A9FA-6F46086519EE}"
	ProjectSection(SolutionItems) = preProject
		Internal\Code Analysis\qaction-debug.ruleset = Internal\Code Analysis\qaction-debug.ruleset
		Internal\Code Analysis\qaction-release.ruleset = Internal\Code Analysis\qaction-release.ruleset
		Internal\Code Analysis\stylecop.json = Internal\Code Analysis\stylecop.json
	EndProjectSection
EndProject
Global
	GlobalSection(SolutionConfigurationPlatforms) = preSolution
		Debug|Any CPU = Debug|Any CPU
		Release|Any CPU = Release|Any CPU
	EndGlobalSection
	GlobalSection(ProjectConfigurationPlatforms) = postSolution
		{E09B8695-43D5-47E1-A25C-6BE8DEE1087B}.Debug|Any CPU.ActiveCfg = Debug|Any CPU
		{E09B8695-43D5-47E1-A25C-6BE8DEE1087B}.Debug|Any CPU.Build.0 = Debug|Any CPU
		{E09B8695-43D5-47E1-A25C-6BE8DEE1087B}.Release|Any CPU.ActiveCfg = Release|Any CPU
		{E09B8695-43D5-47E1-A25C-6BE8DEE1087B}.Release|Any CPU.Build.0 = Release|Any CPU
	EndGlobalSection
	GlobalSection(SolutionProperties) = preSolution
		HideSolutionNode = FALSE
	EndGlobalSection
	GlobalSection(NestedProjects) = preSolution
		{0FDF6728-3E1D-47A7-A9FA-6F46086519EE} = {02EA681E-C7D8-13C7-8484-4AC65E1B71E8}
	EndGlobalSection
	GlobalSection(ExtensibilityGlobals) = postSolution
		SolutionGuid = {945D60C7-3896-43C8-992E-64893283D84A}
	EndGlobalSection
EndGlobal
