
Microsoft Visual Studio Solution File, Format Version 12.00
# Visual Studio Version 17
VisualStudioVersion = 17.14.36414.22
MinimumVisualStudioVersion = 10.0.40219.1
Project("{FAE04EC0-301F-11D3-BF4B-00C04F79EFBC}") = "ParkingAggregationForLot", "Parking\ParkingAggregationForLot.csproj", "{67C1FDC7-CB67-489A-92CB-00258D371D70}"
EndProject
Project("{2150E333-8FDC-42A3-9474-1A3956D46DE8}") = "Internal", "Internal", "{02EA681E-C7D8-13C7-8484-4AC65E1B71E8}"
EndProject
Project("{2150E333-8FDC-42A3-9474-1A3956D46DE8}") = "Code Analysis", "Code Analysis", "{FCA773CC-1CEB-45E5-8BAF-07796DD654B7}"
	ProjectSection(SolutionItems) = preProject
		Internal\Code Analysis\qaction-debug.ruleset = Internal\Code Analysis\qaction-debug.ruleset
		Internal\Code Analysis\qaction-release.ruleset = Internal\Code Analysis\qaction-release.ruleset
		Internal\Code Analysis\stylecop.json = Internal\Code Analysis\stylecop.json
	EndProjectSection
EndProject
Global
	GlobalSection(SolutionConfigurationPlatforms) = preSolution
		Debug|Any CPU = Debug|Any CPU
		Release|Any CPU = Release|Any CPU
	EndGlobalSection
	GlobalSection(ProjectConfigurationPlatforms) = postSolution
		{67C1FDC7-CB67-489A-92CB-00258D371D70}.Debug|Any CPU.ActiveCfg = Debug|Any CPU
		{67C1FDC7-CB67-489A-92CB-00258D371D70}.Debug|Any CPU.Build.0 = Debug|Any CPU
		{67C1FDC7-CB67-489A-92CB-00258D371D70}.Release|Any CPU.ActiveCfg = Release|Any CPU
		{67C1FDC7-CB67-489A-92CB-00258D371D70}.Release|Any CPU.Build.0 = Release|Any CPU
	EndGlobalSection
	GlobalSection(SolutionProperties) = preSolution
		HideSolutionNode = FALSE
	EndGlobalSection
	GlobalSection(NestedProjects) = preSolution
		{FCA773CC-1CEB-45E5-8BAF-07796DD654B7} = {02EA681E-C7D8-13C7-8484-4AC65E1B71E8}
	EndGlobalSection
	GlobalSection(ExtensibilityGlobals) = postSolution
		SolutionGuid = {57092857-7E72-46C1-B084-CF9A362DE586}
	EndGlobalSection
EndGlobal
